
Microsoft Visual Studio Solution File, Format Version 12.00
# Visual Studio Version 17
VisualStudioVersion = 17.5.002.0
MinimumVisualStudioVersion = 10.0.40219.1
Project("{9A19103F-16F7-4668-BE54-9A1E7A4F7556}") = "EADBackend", "EADBackend.csproj", "{F10582B5-6F3B-47CC-8CE6-BE40F1C2A6BD}"
EndProject
Global
	GlobalSection(SolutionConfigurationPlatforms) = preSolution
		Debug|Any CPU = Debug|Any CPU
		Release|Any CPU = Release|Any CPU
	EndGlobalSection
	GlobalSection(ProjectConfigurationPlatforms) = postSolution
		{F10582B5-6F3B-47CC-8CE6-BE40F1C2A6BD}.Debug|Any CPU.ActiveCfg = Debug|Any CPU
		{F10582B5-6F3B-47CC-8CE6-BE40F1C2A6BD}.Debug|Any CPU.Build.0 = Debug|Any CPU
		{F10582B5-6F3B-47CC-8CE6-BE40F1C2A6BD}.Release|Any CPU.ActiveCfg = Release|Any CPU
		{F10582B5-6F3B-47CC-8CE6-BE40F1C2A6BD}.Release|Any CPU.Build.0 = Release|Any CPU
	EndGlobalSection
	GlobalSection(SolutionProperties) = preSolution
		HideSolutionNode = FALSE
	EndGlobalSection
	GlobalSection(ExtensibilityGlobals) = postSolution
		SolutionGuid = {497465C5-DDAF-4E79-9C6F-3719D03997FE}
	EndGlobalSection
EndGlobal
